{
  "version": 4,
  "terraform_version": "0.12.24",
  "serial": 20,
  "lineage": "92c8ed38-9587-ea3d-5fdd-271d32290341",
  "outputs": {},
  "resources": [
    {
      "mode": "managed",
      "type": "google_compute_firewall",
      "name": "default",
      "provider": "provider.google",
      "instances": [
        {
          "schema_version": 1,
          "attributes": {
            "allow": [
              {
                "ports": [
                  "30001"
                ],
                "protocol": "tcp"
              }
            ],
            "creation_timestamp": "2020-03-26T15:37:44.013-07:00",
            "deny": [],
            "description": "",
            "destination_ranges": [],
            "direction": "INGRESS",
            "disabled": false,
            "enable_logging": false,
            "id": "projects/driven-rig-271302/global/firewalls/test-node-port",
            "name": "test-node-port",
            "network": "https://www.googleapis.com/compute/v1/projects/driven-rig-271302/global/networks/default",
            "priority": 1000,
            "project": "driven-rig-271302",
            "self_link": "https://www.googleapis.com/compute/v1/projects/driven-rig-271302/global/firewalls/test-node-port",
            "source_ranges": [],
            "source_service_accounts": null,
            "source_tags": [
              "web"
            ],
            "target_service_accounts": null,
            "target_tags": null,
            "timeouts": null
          },
          "private": "eyJlMmJmYjczMC1lY2FhLTExZTYtOGY4OC0zNDM2M2JjN2M0YzAiOnsiY3JlYXRlIjoyNDAwMDAwMDAwMDAsImRlbGV0ZSI6MjQwMDAwMDAwMDAwLCJ1cGRhdGUiOjI0MDAwMDAwMDAwMH0sInNjaGVtYV92ZXJzaW9uIjoiMSJ9"
        }
      ]
    },
    {
      "mode": "managed",
      "type": "google_container_cluster",
      "name": "gke-cluster",
      "provider": "provider.google",
      "instances": [
        {
          "schema_version": 1,
          "attributes": {
            "additional_zones": [],
            "addons_config": [
              {
                "horizontal_pod_autoscaling": [],
                "http_load_balancing": [],
                "kubernetes_dashboard": [],
                "network_policy_config": [
                  {
                    "disabled": true
                  }
                ]
              }
            ],
            "authenticator_groups_config": [],
            "cluster_autoscaling": [
              {
                "auto_provisioning_defaults": [],
                "enabled": false,
                "resource_limits": []
              }
            ],
            "cluster_ipv4_cidr": "10.56.0.0/14",
            "default_max_pods_per_node": 110,
            "description": "",
            "enable_binary_authorization": false,
            "enable_intranode_visibility": null,
            "enable_kubernetes_alpha": false,
            "enable_legacy_abac": false,
            "enable_tpu": null,
            "endpoint": "35.195.214.112",
            "id": "projects/driven-rig-271302/locations/europe-west1-b/clusters/my-first-gke-cluster",
            "initial_node_count": 3,
            "instance_group_urls": [
              "https://www.googleapis.com/compute/v1/projects/driven-rig-271302/zones/europe-west1-b/instanceGroups/gke-my-first-gke-cluster-default-pool-54a71080-grp"
            ],
            "ip_allocation_policy": [],
            "label_fingerprint": "a9dc16a7",
            "location": "europe-west1-b",
            "logging_service": "logging.googleapis.com/kubernetes",
            "maintenance_policy": [],
            "master_auth": [
              {
                "client_certificate": "",
                "client_certificate_config": [
                  {
                    "issue_client_certificate": false
                  }
                ],
                "client_key": "",
                "cluster_ca_certificate": "LS0tLS1CRUdJTiBDRVJUSUZJQ0FURS0tLS0tCk1JSURDekNDQWZPZ0F3SUJBZ0lRQmdrQ1Y5dDY0Y3FLQnpWYVdSUmhoVEFOQmdrcWhraUc5dzBCQVFzRkFEQXYKTVMwd0t3WURWUVFERXlRNE5USmtNRFUxT1MwMk9UVTJMVFF3WVRJdFlXWmtNaTB5WW1Kak1qaGtNakl5WldZdwpIaGNOTWpBd016STJNakF6TXpNNFdoY05NalV3TXpJMU1qRXpNek00V2pBdk1TMHdLd1lEVlFRREV5UTROVEprCk1EVTFPUzAyT1RVMkxUUXdZVEl0WVdaa01pMHlZbUpqTWpoa01qSXlaV1l3Z2dFaU1BMEdDU3FHU0liM0RRRUIKQVFVQUE0SUJEd0F3Z2dFS0FvSUJBUUNzc2V3ZXRmdjFZcVpTcmtjVEtpNDJiOVEyRFlGYlE5dTkxUW1ZMUE3RQpmaDZZVDRqL1RrREVvS3lwSmQ3YVoyY2J5bitlU1c3VG8zcmFUVjM0dUJlakpkRk1USGZZR1IzNVdqaXZwSDNpCnBSL2JoNGVKOFBjWUZtT3pJa2FlUFV2dUw2cmJpb1lIZVQ3R3BuMHlBd0lDSlZoTTU0K21MMElaajdsd2FDNS8KeDR5a2xtTUNBWjBMMUpDU2tkOElvVlJLMFIrZEdjbytscEZKVlVuQXVJYlQ0b21JUzc4MkxoTFJIM0REWkV6aQp6S2dkaGJhNVJDTlFBVVlhUlkvVVpmeHczQng4Zis1Wlk5eVZVbU9QcFBiSTFYa0l4amN1a2daT1FLaC90WDRQCmZFaVN1NDUrN2pNVW1Ga3lzZ0M1SUk1T1E4Yk40cnE3cVV4V0QxRXhtRHNEQWdNQkFBR2pJekFoTUE0R0ExVWQKRHdFQi93UUVBd0lDQkRBUEJnTlZIUk1CQWY4RUJUQURBUUgvTUEwR0NTcUdTSWIzRFFFQkN3VUFBNElCQVFDUQpCZHc2OVhjTjYvYXVqUTZYNWpaT0REa2ltbFdVN2xxMnNZUDZZTWhiZWFycVY3NUZCL1grOTZSUHdBUXdTWS82CkdlTHVzaWpKTEdhUGxhYUR1NXlTaDZFQWpwSTl3cUtBcEc2WXpCK0d4aG1PUW9QMkZTTVFOVTBrMitpVE51Zm0KK3F4aXlDWllMVXhpNlAvWnZOTGowU0ZWTFo3NWhjMEFZd1Y3cTdVOUQ2N056SXNsU1N5Vjc4NVhSRktCUy9lVQpwS1JVRjdWeC9CUGtyL3NxMFExZUpiTFgzRUZXU2lUV2NrdlhrLzArL1dyNFlZTktTSEg5bkxYeXo3VUhkNmYvCjFnbVJQQk03dHM2ZVJxbEl1dU5WS01FZXdmUFFOMVhZSmFnLzUveUozbVE5NUFxMWFxeEM0WWxtTG5hc0ZPSmkKVWNTZC82dGtDa3E2VEhMRGRHd3AKLS0tLS1FTkQgQ0VSVElGSUNBVEUtLS0tLQo=",
                "password": "",
                "username": ""
              }
            ],
            "master_authorized_networks_config": [],
            "master_version": "1.14.10-gke.24",
            "min_master_version": null,
            "monitoring_service": "monitoring.googleapis.com/kubernetes",
            "name": "my-first-gke-cluster",
            "network": "projects/driven-rig-271302/global/networks/default",
            "network_policy": [
              {
                "enabled": false,
                "provider": "PROVIDER_UNSPECIFIED"
              }
            ],
            "node_config": [
              {
                "disk_size_gb": 100,
                "disk_type": "pd-standard",
                "guest_accelerator": [],
                "image_type": "COS",
                "labels": {},
                "local_ssd_count": 0,
                "machine_type": "n1-standard-1",
                "metadata": {
                  "disable-legacy-endpoints": "true"
                },
                "min_cpu_platform": "",
                "oauth_scopes": [
                  "https://www.googleapis.com/auth/devstorage.read_only",
                  "https://www.googleapis.com/auth/logging.write",
                  "https://www.googleapis.com/auth/monitoring",
                  "https://www.googleapis.com/auth/service.management.readonly",
                  "https://www.googleapis.com/auth/servicecontrol",
                  "https://www.googleapis.com/auth/trace.append"
                ],
                "preemptible": false,
                "sandbox_config": [],
                "service_account": "default",
                "shielded_instance_config": [
                  {
                    "enable_integrity_monitoring": true,
                    "enable_secure_boot": false
                  }
                ],
                "tags": [],
                "taint": [],
                "workload_metadata_config": []
              }
            ],
            "node_locations": [],
            "node_pool": [
              {
                "autoscaling": [],
                "initial_node_count": 3,
                "instance_group_urls": [
                  "https://www.googleapis.com/compute/v1/projects/driven-rig-271302/zones/europe-west1-b/instanceGroupManagers/gke-my-first-gke-cluster-default-pool-54a71080-grp"
                ],
                "management": [
                  {
                    "auto_repair": false,
                    "auto_upgrade": true
                  }
                ],
                "max_pods_per_node": 0,
                "name": "default-pool",
                "name_prefix": "",
                "node_config": [
                  {
                    "disk_size_gb": 100,
                    "disk_type": "pd-standard",
                    "guest_accelerator": [],
                    "image_type": "COS",
                    "labels": {},
                    "local_ssd_count": 0,
                    "machine_type": "n1-standard-1",
                    "metadata": {
                      "disable-legacy-endpoints": "true"
                    },
                    "min_cpu_platform": "",
                    "oauth_scopes": [
                      "https://www.googleapis.com/auth/devstorage.read_only",
                      "https://www.googleapis.com/auth/logging.write",
                      "https://www.googleapis.com/auth/monitoring",
                      "https://www.googleapis.com/auth/service.management.readonly",
                      "https://www.googleapis.com/auth/servicecontrol",
                      "https://www.googleapis.com/auth/trace.append"
                    ],
                    "preemptible": false,
                    "sandbox_config": [],
                    "service_account": "default",
                    "shielded_instance_config": [
                      {
                        "enable_integrity_monitoring": true,
                        "enable_secure_boot": false
                      }
                    ],
                    "tags": [],
                    "taint": [],
                    "workload_metadata_config": []
                  }
                ],
                "node_count": 3,
                "upgrade_settings": [],
                "version": "1.14.10-gke.24"
              }
            ],
            "node_version": "1.14.10-gke.24",
            "operation": null,
            "pod_security_policy_config": [],
            "private_cluster_config": [],
            "project": "driven-rig-271302",
            "region": null,
            "remove_default_node_pool": null,
            "resource_labels": {},
            "services_ipv4_cidr": "10.59.240.0/20",
            "subnetwork": "projects/driven-rig-271302/regions/europe-west1/subnetworks/default",
            "timeouts": null,
            "vertical_pod_autoscaling": [],
            "zone": null
          },
          "private": "eyJlMmJmYjczMC1lY2FhLTExZTYtOGY4OC0zNDM2M2JjN2M0YzAiOnsiY3JlYXRlIjoyNDAwMDAwMDAwMDAwLCJkZWxldGUiOjI0MDAwMDAwMDAwMDAsInVwZGF0ZSI6MzYwMDAwMDAwMDAwMH0sInNjaGVtYV92ZXJzaW9uIjoiMSJ9"
        }
      ]
    }
  ]
}
